
Microsoft Visual Studio Solution File, Format Version 12.00
# Visual Studio 15
Project("{FAE04EC0-301F-11D3-BF4B-00C04F79EFBC}") = "Assembly-CSharp", "Assembly-CSharp.csproj", "{95807EE0-2D25-C21C-19F8-91AD4BD99D8F}"
EndProject
Project("{FAE04EC0-301F-11D3-BF4B-00C04F79EFBC}") = "InputSystem.Samples.Visualizers", "InputSystem.Samples.Visualizers.csproj", "{D7459102-F56F-D432-35D5-A1BD97C645E3}"
EndProject
Project("{FAE04EC0-301F-11D3-BF4B-00C04F79EFBC}") = "Unity.InputSystem.RebindingUI", "Unity.InputSystem.RebindingUI.csproj", "{B68DDF90-C85D-CC87-E6D9-33B99756C87C}"
EndProject
Project("{FAE04EC0-301F-11D3-BF4B-00C04F79EFBC}") = "Unity.InputSystem.InGameHints", "Unity.InputSystem.InGameHints.csproj", "{F653B98D-53CB-1CDA-A43B-22A012BBA69B}"
EndProject
Project("{FAE04EC0-301F-11D3-BF4B-00C04F79EFBC}") = "UnityEngine.InputSystem.Samples.UIvsGameInput", "UnityEngine.InputSystem.Samples.UIvsGameInput.csproj", "{662F936F-AA2F-D3DF-DAA0-0A140BED3CD6}"
EndProject
Global
	GlobalSection(SolutionConfigurationPlatforms) = preSolution
		Debug|Any CPU = Debug|Any CPU
		Release|Any CPU = Release|Any CPU
	EndGlobalSection
	GlobalSection(ProjectConfigurationPlatforms) = postSolution
		{95807EE0-2D25-C21C-19F8-91AD4BD99D8F}.Debug|Any CPU.ActiveCfg = Debug|Any CPU
		{95807EE0-2D25-C21C-19F8-91AD4BD99D8F}.Debug|Any CPU.Build.0 = Debug|Any CPU
		{95807EE0-2D25-C21C-19F8-91AD4BD99D8F}.Release|Any CPU.ActiveCfg = Release|Any CPU
		{95807EE0-2D25-C21C-19F8-91AD4BD99D8F}.Release|Any CPU.Build.0 = Release|Any CPU
		{D7459102-F56F-D432-35D5-A1BD97C645E3}.Debug|Any CPU.ActiveCfg = Debug|Any CPU
		{D7459102-F56F-D432-35D5-A1BD97C645E3}.Debug|Any CPU.Build.0 = Debug|Any CPU
		{D7459102-F56F-D432-35D5-A1BD97C645E3}.Release|Any CPU.ActiveCfg = Release|Any CPU
		{D7459102-F56F-D432-35D5-A1BD97C645E3}.Release|Any CPU.Build.0 = Release|Any CPU
		{B68DDF90-C85D-CC87-E6D9-33B99756C87C}.Debug|Any CPU.ActiveCfg = Debug|Any CPU
		{B68DDF90-C85D-CC87-E6D9-33B99756C87C}.Debug|Any CPU.Build.0 = Debug|Any CPU
		{B68DDF90-C85D-CC87-E6D9-33B99756C87C}.Release|Any CPU.ActiveCfg = Release|Any CPU
		{B68DDF90-C85D-CC87-E6D9-33B99756C87C}.Release|Any CPU.Build.0 = Release|Any CPU
		{F653B98D-53CB-1CDA-A43B-22A012BBA69B}.Debug|Any CPU.ActiveCfg = Debug|Any CPU
		{F653B98D-53CB-1CDA-A43B-22A012BBA69B}.Debug|Any CPU.Build.0 = Debug|Any CPU
		{F653B98D-53CB-1CDA-A43B-22A012BBA69B}.Release|Any CPU.ActiveCfg = Release|Any CPU
		{F653B98D-53CB-1CDA-A43B-22A012BBA69B}.Release|Any CPU.Build.0 = Release|Any CPU
		{662F936F-AA2F-D3DF-DAA0-0A140BED3CD6}.Debug|Any CPU.ActiveCfg = Debug|Any CPU
		{662F936F-AA2F-D3DF-DAA0-0A140BED3CD6}.Debug|Any CPU.Build.0 = Debug|Any CPU
		{662F936F-AA2F-D3DF-DAA0-0A140BED3CD6}.Release|Any CPU.ActiveCfg = Release|Any CPU
		{662F936F-AA2F-D3DF-DAA0-0A140BED3CD6}.Release|Any CPU.Build.0 = Release|Any CPU
	EndGlobalSection
	GlobalSection(SolutionProperties) = preSolution
		HideSolutionNode = FALSE
	EndGlobalSection
EndGlobal
